// !$*UTF8*$!
{
	archiveVersion = 1;
	classes = {
	};
	objectVersion = 55;
	objects = {

/* Begin PBXBuildFile section */
		1BE13909278C849100D636CF /* AppDelegate.swift in Sources */ = {isa = PBXBuildFile; fileRef = 1BE13908278C849100D636CF /* AppDelegate.swift */; };
		1BE1390B278C849100D636CF /* SceneDelegate.swift in Sources */ = {isa = PBXBuildFile; fileRef = 1BE1390A278C849100D636CF /* SceneDelegate.swift */; };
		1BE1390D278C849100D636CF /* ViewController.swift in Sources */ = {isa = PBXBuildFile; fileRef = 1BE1390C278C849100D636CF /* ViewController.swift */; };
		1BE13910278C849100D636CF /* Main.storyboard in Resources */ = {isa = PBXBuildFile; fileRef = 1BE1390E278C849100D636CF /* Main.storyboard */; };
		1BE13912278C849B00D636CF /* Assets.xcassets in Resources */ = {isa = PBXBuildFile; fileRef = 1BE13911278C849B00D636CF /* Assets.xcassets */; };
		1BE13915278C849B00D636CF /* LaunchScreen.storyboard in Resources */ = {isa = PBXBuildFile; fileRef = 1BE13913278C849B00D636CF /* LaunchScreen.storyboard */; };
		1BE1391D278CD32F00D636CF /* BookStore.swift in Sources */ = {isa = PBXBuildFile; fileRef = 1BE1391C278CD32F00D636CF /* BookStore.swift */; };
		1BE1391F278CD35600D636CF /* Book.swift in Sources */ = {isa = PBXBuildFile; fileRef = 1BE1391E278CD35600D636CF /* Book.swift */; };
		1BE13921278CD37500D636CF /* Author.swift in Sources */ = {isa = PBXBuildFile; fileRef = 1BE13920278CD37500D636CF /* Author.swift */; };
		1BE13924278CDB9500D636CF /* NewBook.swift in Sources */ = {isa = PBXBuildFile; fileRef = 1BE13923278CDB9500D636CF /* NewBook.swift */; };
		1BE13926278D3F6900D636CF /* BookDetail.swift in Sources */ = {isa = PBXBuildFile; fileRef = 1BE13925278D3F6900D636CF /* BookDetail.swift */; };
/* End PBXBuildFile section */

/* Begin PBXFileReference section */
		1BE13905278C849100D636CF /* 2-OOP_Challenge.app */ = {isa = PBXFileReference; explicitFileType = wrapper.application; includeInIndex = 0; path = "2-OOP_Challenge.app"; sourceTree = BUILT_PRODUCTS_DIR; };
		1BE13908278C849100D636CF /* AppDelegate.swift */ = {isa = PBXFileReference; lastKnownFileType = sourcecode.swift; path = AppDelegate.swift; sourceTree = "<group>"; };
		1BE1390A278C849100D636CF /* SceneDelegate.swift */ = {isa = PBXFileReference; lastKnownFileType = sourcecode.swift; path = SceneDelegate.swift; sourceTree = "<group>"; };
		1BE1390C278C849100D636CF /* ViewController.swift */ = {isa = PBXFileReference; lastKnownFileType = sourcecode.swift; path = ViewController.swift; sourceTree = "<group>"; };
		1BE1390F278C849100D636CF /* Base */ = {isa = PBXFileReference; lastKnownFileType = file.storyboard; name = Base; path = Base.lproj/Main.storyboard; sourceTree = "<group>"; };
		1BE13911278C849B00D636CF /* Assets.xcassets */ = {isa = PBXFileReference; lastKnownFileType = folder.assetcatalog; path = Assets.xcassets; sourceTree = "<group>"; };
		1BE13914278C849B00D636CF /* Base */ = {isa = PBXFileReference; lastKnownFileType = file.storyboard; name = Base; path = Base.lproj/LaunchScreen.storyboard; sourceTree = "<group>"; };
		1BE13916278C849B00D636CF /* Info.plist */ = {isa = PBXFileReference; lastKnownFileType = text.plist.xml; path = Info.plist; sourceTree = "<group>"; };
		1BE1391C278CD32F00D636CF /* BookStore.swift */ = {isa = PBXFileReference; lastKnownFileType = sourcecode.swift; path = BookStore.swift; sourceTree = "<group>"; };
		1BE1391E278CD35600D636CF /* Book.swift */ = {isa = PBXFileReference; lastKnownFileType = sourcecode.swift; path = Book.swift; sourceTree = "<group>"; };
		1BE13920278CD37500D636CF /* Author.swift */ = {isa = PBXFileReference; lastKnownFileType = sourcecode.swift; path = Author.swift; sourceTree = "<group>"; };
		1BE13923278CDB9500D636CF /* NewBook.swift */ = {isa = PBXFileReference; lastKnownFileType = sourcecode.swift; path = NewBook.swift; sourceTree = "<group>"; };
		1BE13925278D3F6900D636CF /* BookDetail.swift */ = {isa = PBXFileReference; lastKnownFileType = sourcecode.swift; path = BookDetail.swift; sourceTree = "<group>"; };
/* End PBXFileReference section */

/* Begin PBXFrameworksBuildPhase section */
		1BE13902278C849100D636CF /* Frameworks */ = {
			isa = PBXFrameworksBuildPhase;
			buildActionMask = 2147483647;
			files = (
			);
			runOnlyForDeploymentPostprocessing = 0;
		};
/* End PBXFrameworksBuildPhase section */

/* Begin PBXGroup section */
		1BE138FC278C849100D636CF = {
			isa = PBXGroup;
			children = (
				1BE13907278C849100D636CF /* 2-OOP_Challenge */,
				1BE13906278C849100D636CF /* Products */,
			);
			sourceTree = "<group>";
		};
		1BE13906278C849100D636CF /* Products */ = {
			isa = PBXGroup;
			children = (
				1BE13905278C849100D636CF /* 2-OOP_Challenge.app */,
			);
			name = Products;
			sourceTree = "<group>";
		};
		1BE13907278C849100D636CF /* 2-OOP_Challenge */ = {
			isa = PBXGroup;
			children = (
				1BE13908278C849100D636CF /* AppDelegate.swift */,
				1BE1390A278C849100D636CF /* SceneDelegate.swift */,
				1BE1390C278C849100D636CF /* ViewController.swift */,
				1BE13925278D3F6900D636CF /* BookDetail.swift */,
				1BE13923278CDB9500D636CF /* NewBook.swift */,
				1BE13922278CD38600D636CF /* Model */,
				1BE1390E278C849100D636CF /* Main.storyboard */,
				1BE13911278C849B00D636CF /* Assets.xcassets */,
				1BE13913278C849B00D636CF /* LaunchScreen.storyboard */,
				1BE13916278C849B00D636CF /* Info.plist */,
			);
			path = "2-OOP_Challenge";
			sourceTree = "<group>";
		};
		1BE13922278CD38600D636CF /* Model */ = {
			isa = PBXGroup;
			children = (
				1BE13920278CD37500D636CF /* Author.swift */,
				1BE1391E278CD35600D636CF /* Book.swift */,
				1BE1391C278CD32F00D636CF /* BookStore.swift */,
			);
			path = Model;
			sourceTree = "<group>";
		};
/* End PBXGroup section */

/* Begin PBXNativeTarget section */
		1BE13904278C849100D636CF /* 2-OOP_Challenge */ = {
			isa = PBXNativeTarget;
			buildConfigurationList = 1BE13919278C849B00D636CF /* Build configuration list for PBXNativeTarget "2-OOP_Challenge" */;
			buildPhases = (
				1BE13901278C849100D636CF /* Sources */,
				1BE13902278C849100D636CF /* Frameworks */,
				1BE13903278C849100D636CF /* Resources */,
			);
			buildRules = (
			);
			dependencies = (
			);
			name = "2-OOP_Challenge";
			productName = "2-OOP_Challenge";
			productReference = 1BE13905278C849100D636CF /* 2-OOP_Challenge.app */;
			productType = "com.apple.product-type.application";
		};
/* End PBXNativeTarget section */

/* Begin PBXProject section */
		1BE138FD278C849100D636CF /* Project object */ = {
			isa = PBXProject;
			attributes = {
				BuildIndependentTargetsInParallel = 1;
				LastSwiftUpdateCheck = 1310;
				LastUpgradeCheck = 1310;
				TargetAttributes = {
					1BE13904278C849100D636CF = {
						CreatedOnToolsVersion = 13.1;
					};
				};
			};
			buildConfigurationList = 1BE13900278C849100D636CF /* Build configuration list for PBXProject "2-OOP_Challenge" */;
			compatibilityVersion = "Xcode 13.0";
			developmentRegion = en;
			hasScannedForEncodings = 0;
			knownRegions = (
				en,
				Base,
			);
			mainGroup = 1BE138FC278C849100D636CF;
			productRefGroup = 1BE13906278C849100D636CF /* Products */;
			projectDirPath = "";
			projectRoot = "";
			targets = (
				1BE13904278C849100D636CF /* 2-OOP_Challenge */,
			);
		};
/* End PBXProject section */

/* Begin PBXResourcesBuildPhase section */
		1BE13903278C849100D636CF /* Resources */ = {
			isa = PBXResourcesBuildPhase;
			buildActionMask = 2147483647;
			files = (
				1BE13915278C849B00D636CF /* LaunchScreen.storyboard in Resources */,
				1BE13912278C849B00D636CF /* Assets.xcassets in Resources */,
				1BE13910278C849100D636CF /* Main.storyboard in Resources */,
			);
			runOnlyForDeploymentPostprocessing = 0;
		};
/* End PBXResourcesBuildPhase section */

/* Begin PBXSourcesBuildPhase section */
		1BE13901278C849100D636CF /* Sources */ = {
			isa = PBXSourcesBuildPhase;
			buildActionMask = 2147483647;
			files = (
				1BE13921278CD37500D636CF /* Author.swift in Sources */,
				1BE13926278D3F6900D636CF /* BookDetail.swift in Sources */,
				1BE13924278CDB9500D636CF /* NewBook.swift in Sources */,
				1BE1390D278C849100D636CF /* ViewController.swift in Sources */,
				1BE13909278C849100D636CF /* AppDelegate.swift in Sources */,
				1BE1391D278CD32F00D636CF /* BookStore.swift in Sources */,
				1BE1391F278CD35600D636CF /* Book.swift in Sources */,
				1BE1390B278C849100D636CF /* SceneDelegate.swift in Sources */,
			);
			runOnlyForDeploymentPostprocessing = 0;
		};
/* End PBXSourcesBuildPhase section */

/* Begin PBXVariantGroup section */
		1BE1390E278C849100D636CF /* Main.storyboard */ = {
			isa = PBXVariantGroup;
			children = (
				1BE1390F278C849100D636CF /* Base */,
			);
			name = Main.storyboard;
			sourceTree = "<group>";
		};
		1BE13913278C849B00D636CF /* LaunchScreen.storyboard */ = {
			isa = PBXVariantGroup;
			children = (
				1BE13914278C849B00D636CF /* Base */,
			);
			name = LaunchScreen.storyboard;
			sourceTree = "<group>";
		};
/* End PBXVariantGroup section */

/* Begin XCBuildConfiguration section */
		1BE13917278C849B00D636CF /* Debug */ = {
			isa = XCBuildConfiguration;
			buildSettings = {
				ALWAYS_SEARCH_USER_PATHS = NO;
				CLANG_ANALYZER_NONNULL = YES;
				CLANG_ANALYZER_NUMBER_OBJECT_CONVERSION = YES_AGGRESSIVE;
				CLANG_CXX_LANGUAGE_STANDARD = "gnu++17";
				CLANG_CXX_LIBRARY = "libc++";
				CLANG_ENABLE_MODULES = YES;
				CLANG_ENABLE_OBJC_ARC = YES;
				CLANG_ENABLE_OBJC_WEAK = YES;
				CLANG_WARN_BLOCK_CAPTURE_AUTORELEASING = YES;
				CLANG_WARN_BOOL_CONVERSION = YES;
				CLANG_WARN_COMMA = YES;
				CLANG_WARN_CONSTANT_CONVERSION = YES;
				CLANG_WARN_DEPRECATED_OBJC_IMPLEMENTATIONS = YES;
				CLANG_WARN_DIRECT_OBJC_ISA_USAGE = YES_ERROR;
				CLANG_WARN_DOCUMENTATION_COMMENTS = YES;
				CLANG_WARN_EMPTY_BODY = YES;
				CLANG_WARN_ENUM_CONVERSION = YES;
				CLANG_WARN_INFINITE_RECURSION = YES;
				CLANG_WARN_INT_CONVERSION = YES;
				CLANG_WARN_NON_LITERAL_NULL_CONVERSION = YES;
				CLANG_WARN_OBJC_IMPLICIT_RETAIN_SELF = YES;
				CLANG_WARN_OBJC_LITERAL_CONVERSION = YES;
				CLANG_WARN_OBJC_ROOT_CLASS = YES_ERROR;
				CLANG_WARN_QUOTED_INCLUDE_IN_FRAMEWORK_HEADER = YES;
				CLANG_WARN_RANGE_LOOP_ANALYSIS = YES;
				CLANG_WARN_STRICT_PROTOTYPES = YES;
				CLANG_WARN_SUSPICIOUS_MOVE = YES;
				CLANG_WARN_UNGUARDED_AVAILABILITY = YES_AGGRESSIVE;
				CLANG_WARN_UNREACHABLE_CODE = YES;
				CLANG_WARN__DUPLICATE_METHOD_MATCH = YES;
				COPY_PHASE_STRIP = NO;
				DEBUG_INFORMATION_FORMAT = dwarf;
				ENABLE_STRICT_OBJC_MSGSEND = YES;
				ENABLE_TESTABILITY = YES;
				GCC_C_LANGUAGE_STANDARD = gnu11;
				GCC_DYNAMIC_NO_PIC = NO;
				GCC_NO_COMMON_BLOCKS = YES;
				GCC_OPTIMIZATION_LEVEL = 0;
				GCC_PREPROCESSOR_DEFINITIONS = (
					"DEBUG=1",
					"$(inherited)",
				);
				GCC_WARN_64_TO_32_BIT_CONVERSION = YES;
				GCC_WARN_ABOUT_RETURN_TYPE = YES_ERROR;
				GCC_WARN_UNDECLARED_SELECTOR = YES;
				GCC_WARN_UNINITIALIZED_AUTOS = YES_AGGRESSIVE;
				GCC_WARN_UNUSED_FUNCTION = YES;
				GCC_WARN_UNUSED_VARIABLE = YES;
				IPHONEOS_DEPLOYMENT_TARGET = 15.0;
				MTL_ENABLE_DEBUG_INFO = INCLUDE_SOURCE;
				MTL_FAST_MATH = YES;
				ONLY_ACTIVE_ARCH = YES;
				SDKROOT = iphoneos;
				SWIFT_ACTIVE_COMPILATION_CONDITIONS = DEBUG;
				SWIFT_OPTIMIZATION_LEVEL = "-Onone";
			};
			name = Debug;
		};
		1BE13918278C849B00D636CF /* Release */ = {
			isa = XCBuildConfiguration;
			buildSettings = {
				ALWAYS_SEARCH_USER_PATHS = NO;
				CLANG_ANALYZER_NONNULL = YES;
				CLANG_ANALYZER_NUMBER_OBJECT_CONVERSION = YES_AGGRESSIVE;
				CLANG_CXX_LANGUAGE_STANDARD = "gnu++17";
				CLANG_CXX_LIBRARY = "libc++";
				CLANG_ENABLE_MODULES = YES;
				CLANG_ENABLE_OBJC_ARC = YES;
				CLANG_ENABLE_OBJC_WEAK = YES;
				CLANG_WARN_BLOCK_CAPTURE_AUTORELEASING = YES;
				CLANG_WARN_BOOL_CONVERSION = YES;
				CLANG_WARN_COMMA = YES;
				CLANG_WARN_CONSTANT_CONVERSION = YES;
				CLANG_WARN_DEPRECATED_OBJC_IMPLEMENTATIONS = YES;
				CLANG_WARN_DIRECT_OBJC_ISA_USAGE = YES_ERROR;
				CLANG_WARN_DOCUMENTATION_COMMENTS = YES;
				CLANG_WARN_EMPTY_BODY = YES;
				CLANG_WARN_ENUM_CONVERSION = YES;
				CLANG_WARN_INFINITE_RECURSION = YES;
				CLANG_WARN_INT_CONVERSION = YES;
				CLANG_WARN_NON_LITERAL_NULL_CONVERSION = YES;
				CLANG_WARN_OBJC_IMPLICIT_RETAIN_SELF = YES;
				CLANG_WARN_OBJC_LITERAL_CONVERSION = YES;
				CLANG_WARN_OBJC_ROOT_CLASS = YES_ERROR;
				CLANG_WARN_QUOTED_INCLUDE_IN_FRAMEWORK_HEADER = YES;
				CLANG_WARN_RANGE_LOOP_ANALYSIS = YES;
				CLANG_WARN_STRICT_PROTOTYPES = YES;
				CLANG_WARN_SUSPICIOUS_MOVE = YES;
				CLANG_WARN_UNGUARDED_AVAILABILITY = YES_AGGRESSIVE;
				CLANG_WARN_UNREACHABLE_CODE = YES;
				CLANG_WARN__DUPLICATE_METHOD_MATCH = YES;
				COPY_PHASE_STRIP = NO;
				DEBUG_INFORMATION_FORMAT = "dwarf-with-dsym";
				ENABLE_NS_ASSERTIONS = NO;
				ENABLE_STRICT_OBJC_MSGSEND = YES;
				GCC_C_LANGUAGE_STANDARD = gnu11;
				GCC_NO_COMMON_BLOCKS = YES;
				GCC_WARN_64_TO_32_BIT_CONVERSION = YES;
				GCC_WARN_ABOUT_RETURN_TYPE = YES_ERROR;
				GCC_WARN_UNDECLARED_SELECTOR = YES;
				GCC_WARN_UNINITIALIZED_AUTOS = YES_AGGRESSIVE;
				GCC_WARN_UNUSED_FUNCTION = YES;
				GCC_WARN_UNUSED_VARIABLE = YES;
				IPHONEOS_DEPLOYMENT_TARGET = 15.0;
				MTL_ENABLE_DEBUG_INFO = NO;
				MTL_FAST_MATH = YES;
				SDKROOT = iphoneos;
				SWIFT_COMPILATION_MODE = wholemodule;
				SWIFT_OPTIMIZATION_LEVEL = "-O";
				VALIDATE_PRODUCT = YES;
			};
			name = Release;
		};
		1BE1391A278C849B00D636CF /* Debug */ = {
			isa = XCBuildConfiguration;
			buildSettings = {
				ASSETCATALOG_COMPILER_APPICON_NAME = AppIcon;
				ASSETCATALOG_COMPILER_GLOBAL_ACCENT_COLOR_NAME = AccentColor;
				CODE_SIGN_STYLE = Automatic;
				CURRENT_PROJECT_VERSION = 1;
				DEVELOPMENT_TEAM = WD8C8WX444;
				GENERATE_INFOPLIST_FILE = YES;
				INFOPLIST_FILE = "2-OOP_Challenge/Info.plist";
				INFOPLIST_KEY_UIApplicationSupportsIndirectInputEvents = YES;
				INFOPLIST_KEY_UILaunchStoryboardName = LaunchScreen;
				INFOPLIST_KEY_UIMainStoryboardFile = Main;
				INFOPLIST_KEY_UISupportedInterfaceOrientations_iPad = "UIInterfaceOrientationPortrait UIInterfaceOrientationPortraitUpsideDown UIInterfaceOrientationLandscapeLeft UIInterfaceOrientationLandscapeRight";
				INFOPLIST_KEY_UISupportedInterfaceOrientations_iPhone = "UIInterfaceOrientationPortrait UIInterfaceOrientationLandscapeLeft UIInterfaceOrientationLandscapeRight";
				LD_RUNPATH_SEARCH_PATHS = (
					"$(inherited)",
					"@executable_path/Frameworks",
				);
				MARKETING_VERSION = 1.0;
				PRODUCT_BUNDLE_IDENTIFIER = "com.ambajaman.--OOP-Challenge";
				PRODUCT_NAME = "$(TARGET_NAME)";
				SWIFT_EMIT_LOC_STRINGS = YES;
				SWIFT_VERSION = 5.0;
				TARGETED_DEVICE_FAMILY = "1,2";
			};
			name = Debug;
		};
		1BE1391B278C849B00D636CF /* Release */ = {
			isa = XCBuildConfiguration;
			buildSettings = {
				ASSETCATALOG_COMPILER_APPICON_NAME = AppIcon;
				ASSETCATALOG_COMPILER_GLOBAL_ACCENT_COLOR_NAME = AccentColor;
				CODE_SIGN_STYLE = Automatic;
				CURRENT_PROJECT_VERSION = 1;
				DEVELOPMENT_TEAM = WD8C8WX444;
				GENERATE_INFOPLIST_FILE = YES;
				INFOPLIST_FILE = "2-OOP_Challenge/Info.plist";
				INFOPLIST_KEY_UIApplicationSupportsIndirectInputEvents = YES;
				INFOPLIST_KEY_UILaunchStoryboardName = LaunchScreen;
				INFOPLIST_KEY_UIMainStoryboardFile = Main;
				INFOPLIST_KEY_UISupportedInterfaceOrientations_iPad = "UIInterfaceOrientationPortrait UIInterfaceOrientationPortraitUpsideDown UIInterfaceOrientationLandscapeLeft UIInterfaceOrientationLandscapeRight";
				INFOPLIST_KEY_UISupportedInterfaceOrientations_iPhone = "UIInterfaceOrientationPortrait UIInterfaceOrientationLandscapeLeft UIInterfaceOrientationLandscapeRight";
				LD_RUNPATH_SEARCH_PATHS = (
					"$(inherited)",
					"@executable_path/Frameworks",
				);
				MARKETING_VERSION = 1.0;
				PRODUCT_BUNDLE_IDENTIFIER = "com.ambajaman.--OOP-Challenge";
				PRODUCT_NAME = "$(TARGET_NAME)";
				SWIFT_EMIT_LOC_STRINGS = YES;
				SWIFT_VERSION = 5.0;
				TARGETED_DEVICE_FAMILY = "1,2";
			};
			name = Release;
		};
/* End XCBuildConfiguration section */

/* Begin XCConfigurationList section */
		1BE13900278C849100D636CF /* Build configuration list for PBXProject "2-OOP_Challenge" */ = {
			isa = XCConfigurationList;
			buildConfigurations = (
				1BE13917278C849B00D636CF /* Debug */,
				1BE13918278C849B00D636CF /* Release */,
			);
			defaultConfigurationIsVisible = 0;
			defaultConfigurationName = Release;
		};
		1BE13919278C849B00D636CF /* Build configuration list for PBXNativeTarget "2-OOP_Challenge" */ = {
			isa = XCConfigurationList;
			buildConfigurations = (
				1BE1391A278C849B00D636CF /* Debug */,
				1BE1391B278C849B00D636CF /* Release */,
			);
			defaultConfigurationIsVisible = 0;
			defaultConfigurationName = Release;
		};
/* End XCConfigurationList section */
	};
	rootObject = 1BE138FD278C849100D636CF /* Project object */;
}
